// !$*UTF8*$!
{
	archiveVersion = 1;
	classes = {
	};
	objectVersion = 46;
	objects = {

/* Begin PBXBuildFile section */
		275375581F14589F007444D1 /* AppDelegate.swift in Sources */ = {isa = PBXBuildFile; fileRef = 275375571F14589F007444D1 /* AppDelegate.swift */; };
		2753755A1F14589F007444D1 /* ViewController.swift in Sources */ = {isa = PBXBuildFile; fileRef = 275375591F14589F007444D1 /* ViewController.swift */; };
		2753755D1F1458A0007444D1 /* Main.storyboard in Resources */ = {isa = PBXBuildFile; fileRef = 2753755B1F1458A0007444D1 /* Main.storyboard */; };
		2753755F1F1458A0007444D1 /* Assets.xcassets in Resources */ = {isa = PBXBuildFile; fileRef = 2753755E1F1458A0007444D1 /* Assets.xcassets */; };
		275375621F1458A0007444D1 /* LaunchScreen.storyboard in Resources */ = {isa = PBXBuildFile; fileRef = 275375601F1458A0007444D1 /* LaunchScreen.storyboard */; };
		2753756D1F1458A2007444D1 /* git_hub_exerciseTests.swift in Sources */ = {isa = PBXBuildFile; fileRef = 2753756C1F1458A2007444D1 /* git_hub_exerciseTests.swift */; };
		275375781F1458A3007444D1 /* git_hub_exerciseUITests.swift in Sources */ = {isa = PBXBuildFile; fileRef = 275375771F1458A3007444D1 /* git_hub_exerciseUITests.swift */; };
/* End PBXBuildFile section */

/* Begin PBXContainerItemProxy section */
		275375691F1458A2007444D1 /* PBXContainerItemProxy */ = {
			isa = PBXContainerItemProxy;
			containerPortal = 2753754C1F14589E007444D1 /* Project object */;
			proxyType = 1;
			remoteGlobalIDString = 275375531F14589E007444D1;
			remoteInfo = "git-hub-exercise";
		};
		275375741F1458A2007444D1 /* PBXContainerItemProxy */ = {
			isa = PBXContainerItemProxy;
			containerPortal = 2753754C1F14589E007444D1 /* Project object */;
			proxyType = 1;
			remoteGlobalIDString = 275375531F14589E007444D1;
			remoteInfo = "git-hub-exercise";
		};
/* End PBXContainerItemProxy section */

/* Begin PBXFileReference section */
		275375541F14589E007444D1 /* git-hub-exercise.app */ = {isa = PBXFileReference; explicitFileType = wrapper.application; includeInIndex = 0; path = "git-hub-exercise.app"; sourceTree = BUILT_PRODUCTS_DIR; };
		275375571F14589F007444D1 /* AppDelegate.swift */ = {isa = PBXFileReference; lastKnownFileType = sourcecode.swift; path = AppDelegate.swift; sourceTree = "<group>"; };
		275375591F14589F007444D1 /* ViewController.swift */ = {isa = PBXFileReference; lastKnownFileType = sourcecode.swift; path = ViewController.swift; sourceTree = "<group>"; };
		2753755C1F1458A0007444D1 /* Base */ = {isa = PBXFileReference; lastKnownFileType = file.storyboard; name = Base; path = Base.lproj/Main.storyboard; sourceTree = "<group>"; };
		2753755E1F1458A0007444D1 /* Assets.xcassets */ = {isa = PBXFileReference; lastKnownFileType = folder.assetcatalog; path = Assets.xcassets; sourceTree = "<group>"; };
		275375611F1458A0007444D1 /* Base */ = {isa = PBXFileReference; lastKnownFileType = file.storyboard; name = Base; path = Base.lproj/LaunchScreen.storyboard; sourceTree = "<group>"; };
		275375631F1458A0007444D1 /* Info.plist */ = {isa = PBXFileReference; lastKnownFileType = text.plist.xml; path = Info.plist; sourceTree = "<group>"; };
		275375681F1458A2007444D1 /* git-hub-exerciseTests.xctest */ = {isa = PBXFileReference; explicitFileType = wrapper.cfbundle; includeInIndex = 0; path = "git-hub-exerciseTests.xctest"; sourceTree = BUILT_PRODUCTS_DIR; };
		2753756C1F1458A2007444D1 /* git_hub_exerciseTests.swift */ = {isa = PBXFileReference; lastKnownFileType = sourcecode.swift; path = git_hub_exerciseTests.swift; sourceTree = "<group>"; };
		2753756E1F1458A2007444D1 /* Info.plist */ = {isa = PBXFileReference; lastKnownFileType = text.plist.xml; path = Info.plist; sourceTree = "<group>"; };
		275375731F1458A2007444D1 /* git-hub-exerciseUITests.xctest */ = {isa = PBXFileReference; explicitFileType = wrapper.cfbundle; includeInIndex = 0; path = "git-hub-exerciseUITests.xctest"; sourceTree = BUILT_PRODUCTS_DIR; };
		275375771F1458A3007444D1 /* git_hub_exerciseUITests.swift */ = {isa = PBXFileReference; lastKnownFileType = sourcecode.swift; path = git_hub_exerciseUITests.swift; sourceTree = "<group>"; };
		275375791F1458A3007444D1 /* Info.plist */ = {isa = PBXFileReference; lastKnownFileType = text.plist.xml; path = Info.plist; sourceTree = "<group>"; };
/* End PBXFileReference section */

/* Begin PBXFrameworksBuildPhase section */
		275375511F14589E007444D1 /* Frameworks */ = {
			isa = PBXFrameworksBuildPhase;
			buildActionMask = 2147483647;
			files = (
			);
			runOnlyForDeploymentPostprocessing = 0;
		};
		275375651F1458A2007444D1 /* Frameworks */ = {
			isa = PBXFrameworksBuildPhase;
			buildActionMask = 2147483647;
			files = (
			);
			runOnlyForDeploymentPostprocessing = 0;
		};
		275375701F1458A2007444D1 /* Frameworks */ = {
			isa = PBXFrameworksBuildPhase;
			buildActionMask = 2147483647;
			files = (
			);
			runOnlyForDeploymentPostprocessing = 0;
		};
/* End PBXFrameworksBuildPhase section */

/* Begin PBXGroup section */
		2753754B1F14589D007444D1 = {
			isa = PBXGroup;
			children = (
				275375561F14589F007444D1 /* git-hub-exercise */,
				2753756B1F1458A2007444D1 /* git-hub-exerciseTests */,
				275375761F1458A2007444D1 /* git-hub-exerciseUITests */,
				275375551F14589E007444D1 /* Products */,
			);
			sourceTree = "<group>";
		};
		275375551F14589E007444D1 /* Products */ = {
			isa = PBXGroup;
			children = (
				275375541F14589E007444D1 /* git-hub-exercise.app */,
				275375681F1458A2007444D1 /* git-hub-exerciseTests.xctest */,
				275375731F1458A2007444D1 /* git-hub-exerciseUITests.xctest */,
			);
			name = Products;
			sourceTree = "<group>";
		};
		275375561F14589F007444D1 /* git-hub-exercise */ = {
			isa = PBXGroup;
			children = (
				275375571F14589F007444D1 /* AppDelegate.swift */,
				275375591F14589F007444D1 /* ViewController.swift */,
				2753755B1F1458A0007444D1 /* Main.storyboard */,
				2753755E1F1458A0007444D1 /* Assets.xcassets */,
				275375601F1458A0007444D1 /* LaunchScreen.storyboard */,
				275375631F1458A0007444D1 /* Info.plist */,
			);
			path = "git-hub-exercise";
			sourceTree = "<group>";
		};
		2753756B1F1458A2007444D1 /* git-hub-exerciseTests */ = {
			isa = PBXGroup;
			children = (
				2753756C1F1458A2007444D1 /* git_hub_exerciseTests.swift */,
				2753756E1F1458A2007444D1 /* Info.plist */,
			);
			path = "git-hub-exerciseTests";
			sourceTree = "<group>";
		};
		275375761F1458A2007444D1 /* git-hub-exerciseUITests */ = {
			isa = PBXGroup;
			children = (
				275375771F1458A3007444D1 /* git_hub_exerciseUITests.swift */,
				275375791F1458A3007444D1 /* Info.plist */,
			);
			path = "git-hub-exerciseUITests";
			sourceTree = "<group>";
		};
/* End PBXGroup section */

/* Begin PBXNativeTarget section */
		275375531F14589E007444D1 /* git-hub-exercise */ = {
			isa = PBXNativeTarget;
			buildConfigurationList = 2753757C1F1458A3007444D1 /* Build configuration list for PBXNativeTarget "git-hub-exercise" */;
			buildPhases = (
				275375501F14589E007444D1 /* Sources */,
				275375511F14589E007444D1 /* Frameworks */,
				275375521F14589E007444D1 /* Resources */,
			);
			buildRules = (
			);
			dependencies = (
			);
			name = "git-hub-exercise";
			productName = "git-hub-exercise";
			productReference = 275375541F14589E007444D1 /* git-hub-exercise.app */;
			productType = "com.apple.product-type.application";
		};
		275375671F1458A2007444D1 /* git-hub-exerciseTests */ = {
			isa = PBXNativeTarget;
			buildConfigurationList = 2753757F1F1458A3007444D1 /* Build configuration list for PBXNativeTarget "git-hub-exerciseTests" */;
			buildPhases = (
				275375641F1458A2007444D1 /* Sources */,
				275375651F1458A2007444D1 /* Frameworks */,
				275375661F1458A2007444D1 /* Resources */,
			);
			buildRules = (
			);
			dependencies = (
				2753756A1F1458A2007444D1 /* PBXTargetDependency */,
			);
			name = "git-hub-exerciseTests";
			productName = "git-hub-exerciseTests";
			productReference = 275375681F1458A2007444D1 /* git-hub-exerciseTests.xctest */;
			productType = "com.apple.product-type.bundle.unit-test";
		};
		275375721F1458A2007444D1 /* git-hub-exerciseUITests */ = {
			isa = PBXNativeTarget;
			buildConfigurationList = 275375821F1458A3007444D1 /* Build configuration list for PBXNativeTarget "git-hub-exerciseUITests" */;
			buildPhases = (
				2753756F1F1458A2007444D1 /* Sources */,
				275375701F1458A2007444D1 /* Frameworks */,
				275375711F1458A2007444D1 /* Resources */,
			);
			buildRules = (
			);
			dependencies = (
				275375751F1458A2007444D1 /* PBXTargetDependency */,
			);
			name = "git-hub-exerciseUITests";
			productName = "git-hub-exerciseUITests";
			productReference = 275375731F1458A2007444D1 /* git-hub-exerciseUITests.xctest */;
			productType = "com.apple.product-type.bundle.ui-testing";
		};
/* End PBXNativeTarget section */

/* Begin PBXProject section */
		2753754C1F14589E007444D1 /* Project object */ = {
			isa = PBXProject;
			attributes = {
				LastSwiftUpdateCheck = 0830;
				LastUpgradeCheck = 0830;
				ORGANIZATIONNAME = "Michael Mirochnik";
				TargetAttributes = {
					275375531F14589E007444D1 = {
						CreatedOnToolsVersion = 8.3.3;
						ProvisioningStyle = Automatic;
					};
					275375671F1458A2007444D1 = {
						CreatedOnToolsVersion = 8.3.3;
						ProvisioningStyle = Automatic;
						TestTargetID = 275375531F14589E007444D1;
					};
					275375721F1458A2007444D1 = {
						CreatedOnToolsVersion = 8.3.3;
						ProvisioningStyle = Automatic;
						TestTargetID = 275375531F14589E007444D1;
					};
				};
			};
			buildConfigurationList = 2753754F1F14589E007444D1 /* Build configuration list for PBXProject "git-hub-exercise" */;
			compatibilityVersion = "Xcode 3.2";
			developmentRegion = English;
			hasScannedForEncodings = 0;
			knownRegions = (
				en,
				Base,
			);
			mainGroup = 2753754B1F14589D007444D1;
			productRefGroup = 275375551F14589E007444D1 /* Products */;
			projectDirPath = "";
			projectRoot = "";
			targets = (
				275375531F14589E007444D1 /* git-hub-exercise */,
				275375671F1458A2007444D1 /* git-hub-exerciseTests */,
				275375721F1458A2007444D1 /* git-hub-exerciseUITests */,
			);
		};
/* End PBXProject section */

/* Begin PBXResourcesBuildPhase section */
		275375521F14589E007444D1 /* Resources */ = {
			isa = PBXResourcesBuildPhase;
			buildActionMask = 2147483647;
			files = (
				275375621F1458A0007444D1 /* LaunchScreen.storyboard in Resources */,
				2753755F1F1458A0007444D1 /* Assets.xcassets in Resources */,
				2753755D1F1458A0007444D1 /* Main.storyboard in Resources */,
			);
			runOnlyForDeploymentPostprocessing = 0;
		};
		275375661F1458A2007444D1 /* Resources */ = {
			isa = PBXResourcesBuildPhase;
			buildActionMask = 2147483647;
			files = (
			);
			runOnlyForDeploymentPostprocessing = 0;
		};
		275375711F1458A2007444D1 /* Resources */ = {
			isa = PBXResourcesBuildPhase;
			buildActionMask = 2147483647;
			files = (
			);
			runOnlyForDeploymentPostprocessing = 0;
		};
/* End PBXResourcesBuildPhase section */

/* Begin PBXSourcesBuildPhase section */
		275375501F14589E007444D1 /* Sources */ = {
			isa = PBXSourcesBuildPhase;
			buildActionMask = 2147483647;
			files = (
				2753755A1F14589F007444D1 /* ViewController.swift in Sources */,
				275375581F14589F007444D1 /* AppDelegate.swift in Sources */,
			);
			runOnlyForDeploymentPostprocessing = 0;
		};
		275375641F1458A2007444D1 /* Sources */ = {
			isa = PBXSourcesBuildPhase;
			buildActionMask = 2147483647;
			files = (
				2753756D1F1458A2007444D1 /* git_hub_exerciseTests.swift in Sources */,
			);
			runOnlyForDeploymentPostprocessing = 0;
		};
		2753756F1F1458A2007444D1 /* Sources */ = {
			isa = PBXSourcesBuildPhase;
			buildActionMask = 2147483647;
			files = (
				275375781F1458A3007444D1 /* git_hub_exerciseUITests.swift in Sources */,
			);
			runOnlyForDeploymentPostprocessing = 0;
		};
/* End PBXSourcesBuildPhase section */

/* Begin PBXTargetDependency section */
		2753756A1F1458A2007444D1 /* PBXTargetDependency */ = {
			isa = PBXTargetDependency;
			target = 275375531F14589E007444D1 /* git-hub-exercise */;
			targetProxy = 275375691F1458A2007444D1 /* PBXContainerItemProxy */;
		};
		275375751F1458A2007444D1 /* PBXTargetDependency */ = {
			isa = PBXTargetDependency;
			target = 275375531F14589E007444D1 /* git-hub-exercise */;
			targetProxy = 275375741F1458A2007444D1 /* PBXContainerItemProxy */;
		};
/* End PBXTargetDependency section */

/* Begin PBXVariantGroup section */
		2753755B1F1458A0007444D1 /* Main.storyboard */ = {
			isa = PBXVariantGroup;
			children = (
				2753755C1F1458A0007444D1 /* Base */,
			);
			name = Main.storyboard;
			sourceTree = "<group>";
		};
		275375601F1458A0007444D1 /* LaunchScreen.storyboard */ = {
			isa = PBXVariantGroup;
			children = (
				275375611F1458A0007444D1 /* Base */,
			);
			name = LaunchScreen.storyboard;
			sourceTree = "<group>";
		};
/* End PBXVariantGroup section */

/* Begin XCBuildConfiguration section */
		2753757A1F1458A3007444D1 /* Debug */ = {
			isa = XCBuildConfiguration;
			buildSettings = {
				ALWAYS_SEARCH_USER_PATHS = NO;
				CLANG_ANALYZER_NONNULL = YES;
				CLANG_ANALYZER_NUMBER_OBJECT_CONVERSION = YES_AGGRESSIVE;
				CLANG_CXX_LANGUAGE_STANDARD = "gnu++0x";
				CLANG_CXX_LIBRARY = "libc++";
				CLANG_ENABLE_MODULES = YES;
				CLANG_ENABLE_OBJC_ARC = YES;
				CLANG_WARN_BOOL_CONVERSION = YES;
				CLANG_WARN_CONSTANT_CONVERSION = YES;
				CLANG_WARN_DIRECT_OBJC_ISA_USAGE = YES_ERROR;
				CLANG_WARN_DOCUMENTATION_COMMENTS = YES;
				CLANG_WARN_EMPTY_BODY = YES;
				CLANG_WARN_ENUM_CONVERSION = YES;
				CLANG_WARN_INFINITE_RECURSION = YES;
				CLANG_WARN_INT_CONVERSION = YES;
				CLANG_WARN_OBJC_ROOT_CLASS = YES_ERROR;
				CLANG_WARN_SUSPICIOUS_MOVE = YES;
				CLANG_WARN_UNREACHABLE_CODE = YES;
				CLANG_WARN__DUPLICATE_METHOD_MATCH = YES;
				"CODE_SIGN_IDENTITY[sdk=iphoneos*]" = "iPhone Developer";
				COPY_PHASE_STRIP = NO;
				DEBUG_INFORMATION_FORMAT = dwarf;
				ENABLE_STRICT_OBJC_MSGSEND = YES;
				ENABLE_TESTABILITY = YES;
				GCC_C_LANGUAGE_STANDARD = gnu99;
				GCC_DYNAMIC_NO_PIC = NO;
				GCC_NO_COMMON_BLOCKS = YES;
				GCC_OPTIMIZATION_LEVEL = 0;
				GCC_PREPROCESSOR_DEFINITIONS = (
					"DEBUG=1",
					"$(inherited)",
				);
				GCC_WARN_64_TO_32_BIT_CONVERSION = YES;
				GCC_WARN_ABOUT_RETURN_TYPE = YES_ERROR;
				GCC_WARN_UNDECLARED_SELECTOR = YES;
				GCC_WARN_UNINITIALIZED_AUTOS = YES_AGGRESSIVE;
				GCC_WARN_UNUSED_FUNCTION = YES;
				GCC_WARN_UNUSED_VARIABLE = YES;
				IPHONEOS_DEPLOYMENT_TARGET = 10.3;
				MTL_ENABLE_DEBUG_INFO = YES;
				ONLY_ACTIVE_ARCH = YES;
				SDKROOT = iphoneos;
				SWIFT_ACTIVE_COMPILATION_CONDITIONS = DEBUG;
				SWIFT_OPTIMIZATION_LEVEL = "-Onone";
				TARGETED_DEVICE_FAMILY = "1,2";
			};
			name = Debug;
		};
		2753757B1F1458A3007444D1 /* Release */ = {
			isa = XCBuildConfiguration;
			buildSettings = {
				ALWAYS_SEARCH_USER_PATHS = NO;
				CLANG_ANALYZER_NONNULL = YES;
				CLANG_ANALYZER_NUMBER_OBJECT_CONVERSION = YES_AGGRESSIVE;
				CLANG_CXX_LANGUAGE_STANDARD = "gnu++0x";
				CLANG_CXX_LIBRARY = "libc++";
				CLANG_ENABLE_MODULES = YES;
				CLANG_ENABLE_OBJC_ARC = YES;
				CLANG_WARN_BOOL_CONVERSION = YES;
				CLANG_WARN_CONSTANT_CONVERSION = YES;
				CLANG_WARN_DIRECT_OBJC_ISA_USAGE = YES_ERROR;
				CLANG_WARN_DOCUMENTATION_COMMENTS = YES;
				CLANG_WARN_EMPTY_BODY = YES;
				CLANG_WARN_ENUM_CONVERSION = YES;
				CLANG_WARN_INFINITE_RECURSION = YES;
				CLANG_WARN_INT_CONVERSION = YES;
				CLANG_WARN_OBJC_ROOT_CLASS = YES_ERROR;
				CLANG_WARN_SUSPICIOUS_MOVE = YES;
				CLANG_WARN_UNREACHABLE_CODE = YES;
				CLANG_WARN__DUPLICATE_METHOD_MATCH = YES;
				"CODE_SIGN_IDENTITY[sdk=iphoneos*]" = "iPhone Developer";
				COPY_PHASE_STRIP = NO;
				DEBUG_INFORMATION_FORMAT = "dwarf-with-dsym";
				ENABLE_NS_ASSERTIONS = NO;
				ENABLE_STRICT_OBJC_MSGSEND = YES;
				GCC_C_LANGUAGE_STANDARD = gnu99;
				GCC_NO_COMMON_BLOCKS = YES;
				GCC_WARN_64_TO_32_BIT_CONVERSION = YES;
				GCC_WARN_ABOUT_RETURN_TYPE = YES_ERROR;
				GCC_WARN_UNDECLARED_SELECTOR = YES;
				GCC_WARN_UNINITIALIZED_AUTOS = YES_AGGRESSIVE;
				GCC_WARN_UNUSED_FUNCTION = YES;
				GCC_WARN_UNUSED_VARIABLE = YES;
				IPHONEOS_DEPLOYMENT_TARGET = 10.3;
				MTL_ENABLE_DEBUG_INFO = NO;
				SDKROOT = iphoneos;
				SWIFT_OPTIMIZATION_LEVEL = "-Owholemodule";
				TARGETED_DEVICE_FAMILY = "1,2";
				VALIDATE_PRODUCT = YES;
			};
			name = Release;
		};
		2753757D1F1458A3007444D1 /* Debug */ = {
			isa = XCBuildConfiguration;
			buildSettings = {
				ASSETCATALOG_COMPILER_APPICON_NAME = AppIcon;
				INFOPLIST_FILE = "git-hub-exercise/Info.plist";
				LD_RUNPATH_SEARCH_PATHS = "$(inherited) @executable_path/Frameworks";
				PRODUCT_BUNDLE_IDENTIFIER = "-23.git-hub-exercise";
				PRODUCT_NAME = "$(TARGET_NAME)";
				SWIFT_VERSION = 3.0;
			};
			name = Debug;
		};
		2753757E1F1458A3007444D1 /* Release */ = {
			isa = XCBuildConfiguration;
			buildSettings = {
				ASSETCATALOG_COMPILER_APPICON_NAME = AppIcon;
				INFOPLIST_FILE = "git-hub-exercise/Info.plist";
				LD_RUNPATH_SEARCH_PATHS = "$(inherited) @executable_path/Frameworks";
				PRODUCT_BUNDLE_IDENTIFIER = "-23.git-hub-exercise";
				PRODUCT_NAME = "$(TARGET_NAME)";
				SWIFT_VERSION = 3.0;
			};
			name = Release;
		};
		275375801F1458A3007444D1 /* Debug */ = {
			isa = XCBuildConfiguration;
			buildSettings = {
				ALWAYS_EMBED_SWIFT_STANDARD_LIBRARIES = YES;
				BUNDLE_LOADER = "$(TEST_HOST)";
				INFOPLIST_FILE = "git-hub-exerciseTests/Info.plist";
				LD_RUNPATH_SEARCH_PATHS = "$(inherited) @executable_path/Frameworks @loader_path/Frameworks";
				PRODUCT_BUNDLE_IDENTIFIER = "-23.git-hub-exerciseTests";
				PRODUCT_NAME = "$(TARGET_NAME)";
				SWIFT_VERSION = 3.0;
				TEST_HOST = "$(BUILT_PRODUCTS_DIR)/git-hub-exercise.app/git-hub-exercise";
			};
			name = Debug;
		};
		275375811F1458A3007444D1 /* Release */ = {
			isa = XCBuildConfiguration;
			buildSettings = {
				ALWAYS_EMBED_SWIFT_STANDARD_LIBRARIES = YES;
				BUNDLE_LOADER = "$(TEST_HOST)";
				INFOPLIST_FILE = "git-hub-exerciseTests/Info.plist";
				LD_RUNPATH_SEARCH_PATHS = "$(inherited) @executable_path/Frameworks @loader_path/Frameworks";
				PRODUCT_BUNDLE_IDENTIFIER = "-23.git-hub-exerciseTests";
				PRODUCT_NAME = "$(TARGET_NAME)";
				SWIFT_VERSION = 3.0;
				TEST_HOST = "$(BUILT_PRODUCTS_DIR)/git-hub-exercise.app/git-hub-exercise";
			};
			name = Release;
		};
		275375831F1458A3007444D1 /* Debug */ = {
			isa = XCBuildConfiguration;
			buildSettings = {
				ALWAYS_EMBED_SWIFT_STANDARD_LIBRARIES = YES;
				INFOPLIST_FILE = "git-hub-exerciseUITests/Info.plist";
				LD_RUNPATH_SEARCH_PATHS = "$(inherited) @executable_path/Frameworks @loader_path/Frameworks";
				PRODUCT_BUNDLE_IDENTIFIER = "-23.git-hub-exerciseUITests";
				PRODUCT_NAME = "$(TARGET_NAME)";
				SWIFT_VERSION = 3.0;
				TEST_TARGET_NAME = "git-hub-exercise";
			};
			name = Debug;
		};
		275375841F1458A3007444D1 /* Release */ = {
			isa = XCBuildConfiguration;
			buildSettings = {
				ALWAYS_EMBED_SWIFT_STANDARD_LIBRARIES = YES;
				INFOPLIST_FILE = "git-hub-exerciseUITests/Info.plist";
				LD_RUNPATH_SEARCH_PATHS = "$(inherited) @executable_path/Frameworks @loader_path/Frameworks";
				PRODUCT_BUNDLE_IDENTIFIER = "-23.git-hub-exerciseUITests";
				PRODUCT_NAME = "$(TARGET_NAME)";
				SWIFT_VERSION = 3.0;
				TEST_TARGET_NAME = "git-hub-exercise";
			};
			name = Release;
		};
/* End XCBuildConfiguration section */

/* Begin XCConfigurationList section */
		2753754F1F14589E007444D1 /* Build configuration list for PBXProject "git-hub-exercise" */ = {
			isa = XCConfigurationList;
			buildConfigurations = (
				2753757A1F1458A3007444D1 /* Debug */,
				2753757B1F1458A3007444D1 /* Release */,
			);
			defaultConfigurationIsVisible = 0;
			defaultConfigurationName = Release;
		};
		2753757C1F1458A3007444D1 /* Build configuration list for PBXNativeTarget "git-hub-exercise" */ = {
			isa = XCConfigurationList;
			buildConfigurations = (
				2753757D1F1458A3007444D1 /* Debug */,
				2753757E1F1458A3007444D1 /* Release */,
			);
			defaultConfigurationIsVisible = 0;
		};
		2753757F1F1458A3007444D1 /* Build configuration list for PBXNativeTarget "git-hub-exerciseTests" */ = {
			isa = XCConfigurationList;
			buildConfigurations = (
				275375801F1458A3007444D1 /* Debug */,
				275375811F1458A3007444D1 /* Release */,
			);
			defaultConfigurationIsVisible = 0;
		};
		275375821F1458A3007444D1 /* Build configuration list for PBXNativeTarget "git-hub-exerciseUITests" */ = {
			isa = XCConfigurationList;
			buildConfigurations = (
				275375831F1458A3007444D1 /* Debug */,
				275375841F1458A3007444D1 /* Release */,
			);
			defaultConfigurationIsVisible = 0;
		};
/* End XCConfigurationList section */
	};
	rootObject = 2753754C1F14589E007444D1 /* Project object */;
}
